
Microsoft Visual Studio Solution File, Format Version 12.00
# Visual Studio Version 16
VisualStudioVersion = 16.0.29025.244
MinimumVisualStudioVersion = 10.0.40219.1
Project("{8BC9CEB8-8B4A-11D0-8D11-00A0C91BC942}") = "SummerWar", "SummerWar.vcxproj", "{5145AC93-C7B6-3F3E-9FD5-1AAC0559165A}"
EndProject
Global
	GlobalSection(SolutionConfigurationPlatforms) = preSolution
		Debug|x64 = Debug|x64
		Release|x64 = Release|x64
	EndGlobalSection
	GlobalSection(ProjectConfigurationPlatforms) = postSolution
		{5145AC93-C7B6-3F3E-9FD5-1AAC0559165A}.Debug|x64.ActiveCfg = Debug|x64
		{5145AC93-C7B6-3F3E-9FD5-1AAC0559165A}.Debug|x64.Build.0 = Debug|x64
		{5145AC93-C7B6-3F3E-9FD5-1AAC0559165A}.Release|x64.ActiveCfg = Release|x64
		{5145AC93-C7B6-3F3E-9FD5-1AAC0559165A}.Release|x64.Build.0 = Release|x64
	EndGlobalSection
	GlobalSection(SolutionProperties) = preSolution
		HideSolutionNode = FALSE
	EndGlobalSection
	GlobalSection(ExtensibilityGlobals) = postSolution
		SolutionGuid = {FEDFD499-3488-4B44-B7C8-D2208CC68B22}
	EndGlobalSection
EndGlobal
