
Microsoft Visual Studio Solution File, Format Version 12.00
# Visual Studio 15
VisualStudioVersion = 15.0.28010.2046
MinimumVisualStudioVersion = 10.0.40219.1
Project("{8BC9CEB8-8B4A-11D0-8D11-00A0C91BC942}") = "task1", "lab01-lvl01\lab01-lvl01.vcxproj", "{BA2391B8-8AEE-4FE4-9237-C88BA491F2C7}"
EndProject
Project("{8BC9CEB8-8B4A-11D0-8D11-00A0C91BC942}") = "task2", "task2\task2.vcxproj", "{27CE2696-D462-4C0C-8C3C-6C61C53A13D4}"
EndProject
Project("{8BC9CEB8-8B4A-11D0-8D11-00A0C91BC942}") = "task 3", "task 3\task 3.vcxproj", "{211CD1E9-F865-40F7-A06C-21F61BB567F6}"
EndProject
Project("{8BC9CEB8-8B4A-11D0-8D11-00A0C91BC942}") = "task4", "task4\task4.vcxproj", "{BF5EF3DC-9246-4D15-B161-7D446C30004A}"
EndProject
Global
	GlobalSection(SolutionConfigurationPlatforms) = preSolution
		Debug|x64 = Debug|x64
		Debug|x86 = Debug|x86
		Release|x64 = Release|x64
		Release|x86 = Release|x86
	EndGlobalSection
	GlobalSection(ProjectConfigurationPlatforms) = postSolution
		{BA2391B8-8AEE-4FE4-9237-C88BA491F2C7}.Debug|x64.ActiveCfg = Debug|x64
		{BA2391B8-8AEE-4FE4-9237-C88BA491F2C7}.Debug|x64.Build.0 = Debug|x64
		{BA2391B8-8AEE-4FE4-9237-C88BA491F2C7}.Debug|x86.ActiveCfg = Debug|Win32
		{BA2391B8-8AEE-4FE4-9237-C88BA491F2C7}.Debug|x86.Build.0 = Debug|Win32
		{BA2391B8-8AEE-4FE4-9237-C88BA491F2C7}.Release|x64.ActiveCfg = Release|x64
		{BA2391B8-8AEE-4FE4-9237-C88BA491F2C7}.Release|x64.Build.0 = Release|x64
		{BA2391B8-8AEE-4FE4-9237-C88BA491F2C7}.Release|x86.ActiveCfg = Release|Win32
		{BA2391B8-8AEE-4FE4-9237-C88BA491F2C7}.Release|x86.Build.0 = Release|Win32
		{27CE2696-D462-4C0C-8C3C-6C61C53A13D4}.Debug|x64.ActiveCfg = Debug|x64
		{27CE2696-D462-4C0C-8C3C-6C61C53A13D4}.Debug|x64.Build.0 = Debug|x64
		{27CE2696-D462-4C0C-8C3C-6C61C53A13D4}.Debug|x86.ActiveCfg = Debug|Win32
		{27CE2696-D462-4C0C-8C3C-6C61C53A13D4}.Debug|x86.Build.0 = Debug|Win32
		{27CE2696-D462-4C0C-8C3C-6C61C53A13D4}.Release|x64.ActiveCfg = Release|x64
		{27CE2696-D462-4C0C-8C3C-6C61C53A13D4}.Release|x64.Build.0 = Release|x64
		{27CE2696-D462-4C0C-8C3C-6C61C53A13D4}.Release|x86.ActiveCfg = Release|Win32
		{27CE2696-D462-4C0C-8C3C-6C61C53A13D4}.Release|x86.Build.0 = Release|Win32
		{211CD1E9-F865-40F7-A06C-21F61BB567F6}.Debug|x64.ActiveCfg = Debug|x64
		{211CD1E9-F865-40F7-A06C-21F61BB567F6}.Debug|x64.Build.0 = Debug|x64
		{211CD1E9-F865-40F7-A06C-21F61BB567F6}.Debug|x86.ActiveCfg = Debug|Win32
		{211CD1E9-F865-40F7-A06C-21F61BB567F6}.Debug|x86.Build.0 = Debug|Win32
		{211CD1E9-F865-40F7-A06C-21F61BB567F6}.Release|x64.ActiveCfg = Release|x64
		{211CD1E9-F865-40F7-A06C-21F61BB567F6}.Release|x64.Build.0 = Release|x64
		{211CD1E9-F865-40F7-A06C-21F61BB567F6}.Release|x86.ActiveCfg = Release|Win32
		{211CD1E9-F865-40F7-A06C-21F61BB567F6}.Release|x86.Build.0 = Release|Win32
		{BF5EF3DC-9246-4D15-B161-7D446C30004A}.Debug|x64.ActiveCfg = Debug|x64
		{BF5EF3DC-9246-4D15-B161-7D446C30004A}.Debug|x64.Build.0 = Debug|x64
		{BF5EF3DC-9246-4D15-B161-7D446C30004A}.Debug|x86.ActiveCfg = Debug|Win32
		{BF5EF3DC-9246-4D15-B161-7D446C30004A}.Debug|x86.Build.0 = Debug|Win32
		{BF5EF3DC-9246-4D15-B161-7D446C30004A}.Release|x64.ActiveCfg = Release|x64
		{BF5EF3DC-9246-4D15-B161-7D446C30004A}.Release|x64.Build.0 = Release|x64
		{BF5EF3DC-9246-4D15-B161-7D446C30004A}.Release|x86.ActiveCfg = Release|Win32
		{BF5EF3DC-9246-4D15-B161-7D446C30004A}.Release|x86.Build.0 = Release|Win32
	EndGlobalSection
	GlobalSection(SolutionProperties) = preSolution
		HideSolutionNode = FALSE
	EndGlobalSection
	GlobalSection(ExtensibilityGlobals) = postSolution
		SolutionGuid = {6E4EE077-1C3A-43E3-A53C-65B6A5AAD809}
	EndGlobalSection
EndGlobal
